// !$*UTF8*$!
{
	archiveVersion = 1;
	classes = {
	};
	objectVersion = 50;
	objects = {

/* Begin PBXBuildFile section */
		B892228A018B02C32A1371BB /* Pods_tigerspike.framework in Frameworks */ = {isa = PBXBuildFile; fileRef = D2E4D67353DB1CF3C8416457 /* Pods_tigerspike.framework */; };
		BE5515CD21B263CA00776AF5 /* AppDelegate.swift in Sources */ = {isa = PBXBuildFile; fileRef = BE5515CC21B263CA00776AF5 /* AppDelegate.swift */; };
		BE5515CF21B263CA00776AF5 /* SplashViewController.swift in Sources */ = {isa = PBXBuildFile; fileRef = BE5515CE21B263CA00776AF5 /* SplashViewController.swift */; };
		BE5515D421B263CC00776AF5 /* Assets.xcassets in Resources */ = {isa = PBXBuildFile; fileRef = BE5515D321B263CC00776AF5 /* Assets.xcassets */; };
		BE5515E221B264AE00776AF5 /* GoogleService-Info.plist in Resources */ = {isa = PBXBuildFile; fileRef = BE5515E121B264AE00776AF5 /* GoogleService-Info.plist */; };
		BE5515E421B264BA00776AF5 /* default.xib in Resources */ = {isa = PBXBuildFile; fileRef = BE5515E321B264BA00776AF5 /* default.xib */; };
		BE5515E621B264EE00776AF5 /* LoginViewController.swift in Sources */ = {isa = PBXBuildFile; fileRef = BE5515E521B264EE00776AF5 /* LoginViewController.swift */; };
		BE5515E821B264FD00776AF5 /* MapViewController.swift in Sources */ = {isa = PBXBuildFile; fileRef = BE5515E721B264FD00776AF5 /* MapViewController.swift */; };
		BE5515EA21B2661900776AF5 /* MyFirebase.swift in Sources */ = {isa = PBXBuildFile; fileRef = BE5515E921B2661900776AF5 /* MyFirebase.swift */; };
		BE5515EC21B2669B00776AF5 /* GlobalFunctions.swift in Sources */ = {isa = PBXBuildFile; fileRef = BE5515EB21B2669B00776AF5 /* GlobalFunctions.swift */; };
		BE5515EE21B26DFE00776AF5 /* MyUser.swift in Sources */ = {isa = PBXBuildFile; fileRef = BE5515ED21B26DFE00776AF5 /* MyUser.swift */; };
		BE5515F021B26F3700776AF5 /* AppDelegate + Ext.swift in Sources */ = {isa = PBXBuildFile; fileRef = BE5515EF21B26F3700776AF5 /* AppDelegate + Ext.swift */; };
		BE5515F221B26F5100776AF5 /* AppDelegate + CoreLocation.swift in Sources */ = {isa = PBXBuildFile; fileRef = BE5515F121B26F5100776AF5 /* AppDelegate + CoreLocation.swift */; };
		BE5515F421B26FEF00776AF5 /* MyCoreLocation.swift in Sources */ = {isa = PBXBuildFile; fileRef = BE5515F321B26FEF00776AF5 /* MyCoreLocation.swift */; };
		BE5515F621B27A6400776AF5 /* MyFirebase + User.swift in Sources */ = {isa = PBXBuildFile; fileRef = BE5515F521B27A6400776AF5 /* MyFirebase + User.swift */; };
		BEF40B6E21B6064800E75CDA /* NetworkActivity.swift in Sources */ = {isa = PBXBuildFile; fileRef = BEF40B6D21B6064800E75CDA /* NetworkActivity.swift */; };
		BEF40B7021B60B3800E75CDA /* MapViewController + MapKit.swift in Sources */ = {isa = PBXBuildFile; fileRef = BEF40B6F21B60B3800E75CDA /* MapViewController + MapKit.swift */; };
		BEF40B7221B60E9100E75CDA /* MyNotes.swift in Sources */ = {isa = PBXBuildFile; fileRef = BEF40B7121B60E9100E75CDA /* MyNotes.swift */; };
/* End PBXBuildFile section */

/* Begin PBXFileReference section */
		3A676406F672159AC596F97D /* Pods-tigerspike.debug.xcconfig */ = {isa = PBXFileReference; includeInIndex = 1; lastKnownFileType = text.xcconfig; name = "Pods-tigerspike.debug.xcconfig"; path = "Pods/Target Support Files/Pods-tigerspike/Pods-tigerspike.debug.xcconfig"; sourceTree = "<group>"; };
		7E84D9A3D8DB3C909FAF8B72 /* Pods-tigerspike.release.xcconfig */ = {isa = PBXFileReference; includeInIndex = 1; lastKnownFileType = text.xcconfig; name = "Pods-tigerspike.release.xcconfig"; path = "Pods/Target Support Files/Pods-tigerspike/Pods-tigerspike.release.xcconfig"; sourceTree = "<group>"; };
		BE5515C921B263CA00776AF5 /* tigerspike.app */ = {isa = PBXFileReference; explicitFileType = wrapper.application; includeInIndex = 0; path = tigerspike.app; sourceTree = BUILT_PRODUCTS_DIR; };
		BE5515CC21B263CA00776AF5 /* AppDelegate.swift */ = {isa = PBXFileReference; lastKnownFileType = sourcecode.swift; path = AppDelegate.swift; sourceTree = "<group>"; };
		BE5515CE21B263CA00776AF5 /* SplashViewController.swift */ = {isa = PBXFileReference; lastKnownFileType = sourcecode.swift; path = SplashViewController.swift; sourceTree = "<group>"; };
		BE5515D321B263CC00776AF5 /* Assets.xcassets */ = {isa = PBXFileReference; lastKnownFileType = folder.assetcatalog; path = Assets.xcassets; sourceTree = "<group>"; };
		BE5515D821B263CC00776AF5 /* Info.plist */ = {isa = PBXFileReference; lastKnownFileType = text.plist.xml; path = Info.plist; sourceTree = "<group>"; };
		BE5515E121B264AE00776AF5 /* GoogleService-Info.plist */ = {isa = PBXFileReference; fileEncoding = 4; lastKnownFileType = text.plist.xml; path = "GoogleService-Info.plist"; sourceTree = "<group>"; };
		BE5515E321B264BA00776AF5 /* default.xib */ = {isa = PBXFileReference; lastKnownFileType = file.xib; path = default.xib; sourceTree = "<group>"; };
		BE5515E521B264EE00776AF5 /* LoginViewController.swift */ = {isa = PBXFileReference; lastKnownFileType = sourcecode.swift; path = LoginViewController.swift; sourceTree = "<group>"; };
		BE5515E721B264FD00776AF5 /* MapViewController.swift */ = {isa = PBXFileReference; lastKnownFileType = sourcecode.swift; path = MapViewController.swift; sourceTree = "<group>"; };
		BE5515E921B2661900776AF5 /* MyFirebase.swift */ = {isa = PBXFileReference; lastKnownFileType = sourcecode.swift; path = MyFirebase.swift; sourceTree = "<group>"; };
		BE5515EB21B2669B00776AF5 /* GlobalFunctions.swift */ = {isa = PBXFileReference; lastKnownFileType = sourcecode.swift; path = GlobalFunctions.swift; sourceTree = "<group>"; };
		BE5515ED21B26DFE00776AF5 /* MyUser.swift */ = {isa = PBXFileReference; lastKnownFileType = sourcecode.swift; path = MyUser.swift; sourceTree = "<group>"; };
		BE5515EF21B26F3700776AF5 /* AppDelegate + Ext.swift */ = {isa = PBXFileReference; lastKnownFileType = sourcecode.swift; path = "AppDelegate + Ext.swift"; sourceTree = "<group>"; };
		BE5515F121B26F5100776AF5 /* AppDelegate + CoreLocation.swift */ = {isa = PBXFileReference; lastKnownFileType = sourcecode.swift; path = "AppDelegate + CoreLocation.swift"; sourceTree = "<group>"; };
		BE5515F321B26FEF00776AF5 /* MyCoreLocation.swift */ = {isa = PBXFileReference; lastKnownFileType = sourcecode.swift; path = MyCoreLocation.swift; sourceTree = "<group>"; };
		BE5515F521B27A6400776AF5 /* MyFirebase + User.swift */ = {isa = PBXFileReference; lastKnownFileType = sourcecode.swift; path = "MyFirebase + User.swift"; sourceTree = "<group>"; };
		BEF40B6D21B6064800E75CDA /* NetworkActivity.swift */ = {isa = PBXFileReference; lastKnownFileType = sourcecode.swift; path = NetworkActivity.swift; sourceTree = "<group>"; };
		BEF40B6F21B60B3800E75CDA /* MapViewController + MapKit.swift */ = {isa = PBXFileReference; lastKnownFileType = sourcecode.swift; path = "MapViewController + MapKit.swift"; sourceTree = "<group>"; };
		BEF40B7121B60E9100E75CDA /* MyNotes.swift */ = {isa = PBXFileReference; lastKnownFileType = sourcecode.swift; path = MyNotes.swift; sourceTree = "<group>"; };
		D2E4D67353DB1CF3C8416457 /* Pods_tigerspike.framework */ = {isa = PBXFileReference; explicitFileType = wrapper.framework; includeInIndex = 0; path = Pods_tigerspike.framework; sourceTree = BUILT_PRODUCTS_DIR; };
/* End PBXFileReference section */

/* Begin PBXFrameworksBuildPhase section */
		BE5515C621B263CA00776AF5 /* Frameworks */ = {
			isa = PBXFrameworksBuildPhase;
			buildActionMask = 2147483647;
			files = (
				B892228A018B02C32A1371BB /* Pods_tigerspike.framework in Frameworks */,
			);
			runOnlyForDeploymentPostprocessing = 0;
		};
/* End PBXFrameworksBuildPhase section */

/* Begin PBXGroup section */
		9D216E41F08CEBB4400E2F34 /* Pods */ = {
			isa = PBXGroup;
			children = (
				3A676406F672159AC596F97D /* Pods-tigerspike.debug.xcconfig */,
				7E84D9A3D8DB3C909FAF8B72 /* Pods-tigerspike.release.xcconfig */,
			);
			name = Pods;
			sourceTree = "<group>";
		};
		BE5515C021B263C900776AF5 = {
			isa = PBXGroup;
			children = (
				BE5515CB21B263CA00776AF5 /* tigerspike */,
				BE5515CA21B263CA00776AF5 /* Products */,
				9D216E41F08CEBB4400E2F34 /* Pods */,
				F7FAE03860DD8A9CA1475EEF /* Frameworks */,
			);
			sourceTree = "<group>";
		};
		BE5515CA21B263CA00776AF5 /* Products */ = {
			isa = PBXGroup;
			children = (
				BE5515C921B263CA00776AF5 /* tigerspike.app */,
			);
			name = Products;
			sourceTree = "<group>";
		};
		BE5515CB21B263CA00776AF5 /* tigerspike */ = {
			isa = PBXGroup;
			children = (
				BE5515CC21B263CA00776AF5 /* AppDelegate.swift */,
				BE5515E321B264BA00776AF5 /* default.xib */,
				BE5515D821B263CC00776AF5 /* Info.plist */,
				BE5515E121B264AE00776AF5 /* GoogleService-Info.plist */,
				BEF40B6D21B6064800E75CDA /* NetworkActivity.swift */,
				BE5515DE21B2640700776AF5 /* extensions */,
				BE5515DF21B2644D00776AF5 /* models */,
				BE5515E021B2645C00776AF5 /* viewcontrollers */,
			);
			path = tigerspike;
			sourceTree = "<group>";
		};
		BE5515DE21B2640700776AF5 /* extensions */ = {
			isa = PBXGroup;
			children = (
				BE5515EB21B2669B00776AF5 /* GlobalFunctions.swift */,
				BE5515EF21B26F3700776AF5 /* AppDelegate + Ext.swift */,
				BE5515F121B26F5100776AF5 /* AppDelegate + CoreLocation.swift */,
				BEF40B6F21B60B3800E75CDA /* MapViewController + MapKit.swift */,
			);
			path = extensions;
			sourceTree = "<group>";
		};
		BE5515DF21B2644D00776AF5 /* models */ = {
			isa = PBXGroup;
			children = (
				BE5515D321B263CC00776AF5 /* Assets.xcassets */,
				BE5515F321B26FEF00776AF5 /* MyCoreLocation.swift */,
				BE5515E921B2661900776AF5 /* MyFirebase.swift */,
				BE5515F521B27A6400776AF5 /* MyFirebase + User.swift */,
				BE5515ED21B26DFE00776AF5 /* MyUser.swift */,
				BEF40B7121B60E9100E75CDA /* MyNotes.swift */,
			);
			path = models;
			sourceTree = "<group>";
		};
		BE5515E021B2645C00776AF5 /* viewcontrollers */ = {
			isa = PBXGroup;
			children = (
				BE5515E521B264EE00776AF5 /* LoginViewController.swift */,
				BE5515E721B264FD00776AF5 /* MapViewController.swift */,
				BE5515CE21B263CA00776AF5 /* SplashViewController.swift */,
			);
			path = viewcontrollers;
			sourceTree = "<group>";
		};
		F7FAE03860DD8A9CA1475EEF /* Frameworks */ = {
			isa = PBXGroup;
			children = (
				D2E4D67353DB1CF3C8416457 /* Pods_tigerspike.framework */,
			);
			name = Frameworks;
			sourceTree = "<group>";
		};
/* End PBXGroup section */

/* Begin PBXNativeTarget section */
		BE5515C821B263CA00776AF5 /* tigerspike */ = {
			isa = PBXNativeTarget;
			buildConfigurationList = BE5515DB21B263CC00776AF5 /* Build configuration list for PBXNativeTarget "tigerspike" */;
			buildPhases = (
				855A4DAE752066B0F3AA2D6B /* [CP] Check Pods Manifest.lock */,
				BE5515C521B263CA00776AF5 /* Sources */,
				BE5515C621B263CA00776AF5 /* Frameworks */,
				BE5515C721B263CA00776AF5 /* Resources */,
				3A7AD3341BB2B61569E77D47 /* [CP] Embed Pods Frameworks */,
			);
			buildRules = (
			);
			dependencies = (
			);
			name = tigerspike;
			productName = tigerspike;
			productReference = BE5515C921B263CA00776AF5 /* tigerspike.app */;
			productType = "com.apple.product-type.application";
		};
/* End PBXNativeTarget section */

/* Begin PBXProject section */
		BE5515C121B263C900776AF5 /* Project object */ = {
			isa = PBXProject;
			attributes = {
				LastSwiftUpdateCheck = 1010;
				LastUpgradeCheck = 1010;
				ORGANIZATIONNAME = "Swift Almanac";
				TargetAttributes = {
					BE5515C821B263CA00776AF5 = {
						CreatedOnToolsVersion = 10.1;
						SystemCapabilities = {
							com.apple.BackgroundModes = {
								enabled = 1;
							};
						};
					};
				};
			};
			buildConfigurationList = BE5515C421B263C900776AF5 /* Build configuration list for PBXProject "tigerspike" */;
			compatibilityVersion = "Xcode 9.3";
			developmentRegion = en;
			hasScannedForEncodings = 0;
			knownRegions = (
				en,
				Base,
			);
			mainGroup = BE5515C021B263C900776AF5;
			productRefGroup = BE5515CA21B263CA00776AF5 /* Products */;
			projectDirPath = "";
			projectRoot = "";
			targets = (
				BE5515C821B263CA00776AF5 /* tigerspike */,
			);
		};
/* End PBXProject section */

/* Begin PBXResourcesBuildPhase section */
		BE5515C721B263CA00776AF5 /* Resources */ = {
			isa = PBXResourcesBuildPhase;
			buildActionMask = 2147483647;
			files = (
				BE5515D421B263CC00776AF5 /* Assets.xcassets in Resources */,
				BE5515E221B264AE00776AF5 /* GoogleService-Info.plist in Resources */,
				BE5515E421B264BA00776AF5 /* default.xib in Resources */,
			);
			runOnlyForDeploymentPostprocessing = 0;
		};
/* End PBXResourcesBuildPhase section */

/* Begin PBXShellScriptBuildPhase section */
		3A7AD3341BB2B61569E77D47 /* [CP] Embed Pods Frameworks */ = {
			isa = PBXShellScriptBuildPhase;
			buildActionMask = 2147483647;
			files = (
			);
			inputFileListPaths = (
			);
			inputPaths = (
				"${SRCROOT}/Pods/Target Support Files/Pods-tigerspike/Pods-tigerspike-frameworks.sh",
				"${BUILT_PRODUCTS_DIR}/GTMSessionFetcher/GTMSessionFetcher.framework",
				"${BUILT_PRODUCTS_DIR}/GoogleUtilities/GoogleUtilities.framework",
				"${BUILT_PRODUCTS_DIR}/leveldb-library/leveldb.framework",
				"${BUILT_PRODUCTS_DIR}/nanopb/nanopb.framework",
			);
			name = "[CP] Embed Pods Frameworks";
			outputFileListPaths = (
			);
			outputPaths = (
				"${TARGET_BUILD_DIR}/${FRAMEWORKS_FOLDER_PATH}/GTMSessionFetcher.framework",
				"${TARGET_BUILD_DIR}/${FRAMEWORKS_FOLDER_PATH}/GoogleUtilities.framework",
				"${TARGET_BUILD_DIR}/${FRAMEWORKS_FOLDER_PATH}/leveldb.framework",
				"${TARGET_BUILD_DIR}/${FRAMEWORKS_FOLDER_PATH}/nanopb.framework",
			);
			runOnlyForDeploymentPostprocessing = 0;
			shellPath = /bin/sh;
			shellScript = "\"${SRCROOT}/Pods/Target Support Files/Pods-tigerspike/Pods-tigerspike-frameworks.sh\"\n";
			showEnvVarsInLog = 0;
		};
		855A4DAE752066B0F3AA2D6B /* [CP] Check Pods Manifest.lock */ = {
			isa = PBXShellScriptBuildPhase;
			buildActionMask = 2147483647;
			files = (
			);
			inputFileListPaths = (
			);
			inputPaths = (
				"${PODS_PODFILE_DIR_PATH}/Podfile.lock",
				"${PODS_ROOT}/Manifest.lock",
			);
			name = "[CP] Check Pods Manifest.lock";
			outputFileListPaths = (
			);
			outputPaths = (
				"$(DERIVED_FILE_DIR)/Pods-tigerspike-checkManifestLockResult.txt",
			);
			runOnlyForDeploymentPostprocessing = 0;
			shellPath = /bin/sh;
			shellScript = "diff \"${PODS_PODFILE_DIR_PATH}/Podfile.lock\" \"${PODS_ROOT}/Manifest.lock\" > /dev/null\nif [ $? != 0 ] ; then\n    # print error to STDERR\n    echo \"error: The sandbox is not in sync with the Podfile.lock. Run 'pod install' or update your CocoaPods installation.\" >&2\n    exit 1\nfi\n# This output is used by Xcode 'outputs' to avoid re-running this script phase.\necho \"SUCCESS\" > \"${SCRIPT_OUTPUT_FILE_0}\"\n";
			showEnvVarsInLog = 0;
		};
/* End PBXShellScriptBuildPhase section */

/* Begin PBXSourcesBuildPhase section */
		BE5515C521B263CA00776AF5 /* Sources */ = {
			isa = PBXSourcesBuildPhase;
			buildActionMask = 2147483647;
			files = (
				BE5515E621B264EE00776AF5 /* LoginViewController.swift in Sources */,
				BE5515F421B26FEF00776AF5 /* MyCoreLocation.swift in Sources */,
				BE5515CF21B263CA00776AF5 /* SplashViewController.swift in Sources */,
				BE5515F621B27A6400776AF5 /* MyFirebase + User.swift in Sources */,
				BE5515F021B26F3700776AF5 /* AppDelegate + Ext.swift in Sources */,
				BE5515F221B26F5100776AF5 /* AppDelegate + CoreLocation.swift in Sources */,
				BEF40B7021B60B3800E75CDA /* MapViewController + MapKit.swift in Sources */,
				BE5515EC21B2669B00776AF5 /* GlobalFunctions.swift in Sources */,
				BEF40B6E21B6064800E75CDA /* NetworkActivity.swift in Sources */,
				BE5515CD21B263CA00776AF5 /* AppDelegate.swift in Sources */,
				BE5515EE21B26DFE00776AF5 /* MyUser.swift in Sources */,
				BE5515EA21B2661900776AF5 /* MyFirebase.swift in Sources */,
				BE5515E821B264FD00776AF5 /* MapViewController.swift in Sources */,
				BEF40B7221B60E9100E75CDA /* MyNotes.swift in Sources */,
			);
			runOnlyForDeploymentPostprocessing = 0;
		};
/* End PBXSourcesBuildPhase section */

/* Begin XCBuildConfiguration section */
		BE5515D921B263CC00776AF5 /* Debug */ = {
			isa = XCBuildConfiguration;
			buildSettings = {
				ALWAYS_SEARCH_USER_PATHS = NO;
				CLANG_ANALYZER_NONNULL = YES;
				CLANG_ANALYZER_NUMBER_OBJECT_CONVERSION = YES_AGGRESSIVE;
				CLANG_CXX_LANGUAGE_STANDARD = "gnu++14";
				CLANG_CXX_LIBRARY = "libc++";
				CLANG_ENABLE_MODULES = YES;
				CLANG_ENABLE_OBJC_ARC = YES;
				CLANG_ENABLE_OBJC_WEAK = YES;
				CLANG_WARN_BLOCK_CAPTURE_AUTORELEASING = YES;
				CLANG_WARN_BOOL_CONVERSION = YES;
				CLANG_WARN_COMMA = YES;
				CLANG_WARN_CONSTANT_CONVERSION = YES;
				CLANG_WARN_DEPRECATED_OBJC_IMPLEMENTATIONS = YES;
				CLANG_WARN_DIRECT_OBJC_ISA_USAGE = YES_ERROR;
				CLANG_WARN_DOCUMENTATION_COMMENTS = YES;
				CLANG_WARN_EMPTY_BODY = YES;
				CLANG_WARN_ENUM_CONVERSION = YES;
				CLANG_WARN_INFINITE_RECURSION = YES;
				CLANG_WARN_INT_CONVERSION = YES;
				CLANG_WARN_NON_LITERAL_NULL_CONVERSION = YES;
				CLANG_WARN_OBJC_IMPLICIT_RETAIN_SELF = YES;
				CLANG_WARN_OBJC_LITERAL_CONVERSION = YES;
				CLANG_WARN_OBJC_ROOT_CLASS = YES_ERROR;
				CLANG_WARN_RANGE_LOOP_ANALYSIS = YES;
				CLANG_WARN_STRICT_PROTOTYPES = YES;
				CLANG_WARN_SUSPICIOUS_MOVE = YES;
				CLANG_WARN_UNGUARDED_AVAILABILITY = YES_AGGRESSIVE;
				CLANG_WARN_UNREACHABLE_CODE = YES;
				CLANG_WARN__DUPLICATE_METHOD_MATCH = YES;
				CODE_SIGN_IDENTITY = "iPhone Developer";
				COPY_PHASE_STRIP = NO;
				DEBUG_INFORMATION_FORMAT = dwarf;
				ENABLE_STRICT_OBJC_MSGSEND = YES;
				ENABLE_TESTABILITY = YES;
				GCC_C_LANGUAGE_STANDARD = gnu11;
				GCC_DYNAMIC_NO_PIC = NO;
				GCC_NO_COMMON_BLOCKS = YES;
				GCC_OPTIMIZATION_LEVEL = 0;
				GCC_PREPROCESSOR_DEFINITIONS = (
					"DEBUG=1",
					"$(inherited)",
				);
				GCC_WARN_64_TO_32_BIT_CONVERSION = YES;
				GCC_WARN_ABOUT_RETURN_TYPE = YES_ERROR;
				GCC_WARN_UNDECLARED_SELECTOR = YES;
				GCC_WARN_UNINITIALIZED_AUTOS = YES_AGGRESSIVE;
				GCC_WARN_UNUSED_FUNCTION = YES;
				GCC_WARN_UNUSED_VARIABLE = YES;
				IPHONEOS_DEPLOYMENT_TARGET = 12.1;
				MTL_ENABLE_DEBUG_INFO = INCLUDE_SOURCE;
				MTL_FAST_MATH = YES;
				ONLY_ACTIVE_ARCH = YES;
				SDKROOT = iphoneos;
				SWIFT_ACTIVE_COMPILATION_CONDITIONS = DEBUG;
				SWIFT_OPTIMIZATION_LEVEL = "-Onone";
			};
			name = Debug;
		};
		BE5515DA21B263CC00776AF5 /* Release */ = {
			isa = XCBuildConfiguration;
			buildSettings = {
				ALWAYS_SEARCH_USER_PATHS = NO;
				CLANG_ANALYZER_NONNULL = YES;
				CLANG_ANALYZER_NUMBER_OBJECT_CONVERSION = YES_AGGRESSIVE;
				CLANG_CXX_LANGUAGE_STANDARD = "gnu++14";
				CLANG_CXX_LIBRARY = "libc++";
				CLANG_ENABLE_MODULES = YES;
				CLANG_ENABLE_OBJC_ARC = YES;
				CLANG_ENABLE_OBJC_WEAK = YES;
				CLANG_WARN_BLOCK_CAPTURE_AUTORELEASING = YES;
				CLANG_WARN_BOOL_CONVERSION = YES;
				CLANG_WARN_COMMA = YES;
				CLANG_WARN_CONSTANT_CONVERSION = YES;
				CLANG_WARN_DEPRECATED_OBJC_IMPLEMENTATIONS = YES;
				CLANG_WARN_DIRECT_OBJC_ISA_USAGE = YES_ERROR;
				CLANG_WARN_DOCUMENTATION_COMMENTS = YES;
				CLANG_WARN_EMPTY_BODY = YES;
				CLANG_WARN_ENUM_CONVERSION = YES;
				CLANG_WARN_INFINITE_RECURSION = YES;
				CLANG_WARN_INT_CONVERSION = YES;
				CLANG_WARN_NON_LITERAL_NULL_CONVERSION = YES;
				CLANG_WARN_OBJC_IMPLICIT_RETAIN_SELF = YES;
				CLANG_WARN_OBJC_LITERAL_CONVERSION = YES;
				CLANG_WARN_OBJC_ROOT_CLASS = YES_ERROR;
				CLANG_WARN_RANGE_LOOP_ANALYSIS = YES;
				CLANG_WARN_STRICT_PROTOTYPES = YES;
				CLANG_WARN_SUSPICIOUS_MOVE = YES;
				CLANG_WARN_UNGUARDED_AVAILABILITY = YES_AGGRESSIVE;
				CLANG_WARN_UNREACHABLE_CODE = YES;
				CLANG_WARN__DUPLICATE_METHOD_MATCH = YES;
				CODE_SIGN_IDENTITY = "iPhone Developer";
				COPY_PHASE_STRIP = NO;
				DEBUG_INFORMATION_FORMAT = "dwarf-with-dsym";
				ENABLE_NS_ASSERTIONS = NO;
				ENABLE_STRICT_OBJC_MSGSEND = YES;
				GCC_C_LANGUAGE_STANDARD = gnu11;
				GCC_NO_COMMON_BLOCKS = YES;
				GCC_WARN_64_TO_32_BIT_CONVERSION = YES;
				GCC_WARN_ABOUT_RETURN_TYPE = YES_ERROR;
				GCC_WARN_UNDECLARED_SELECTOR = YES;
				GCC_WARN_UNINITIALIZED_AUTOS = YES_AGGRESSIVE;
				GCC_WARN_UNUSED_FUNCTION = YES;
				GCC_WARN_UNUSED_VARIABLE = YES;
				IPHONEOS_DEPLOYMENT_TARGET = 12.1;
				MTL_ENABLE_DEBUG_INFO = NO;
				MTL_FAST_MATH = YES;
				SDKROOT = iphoneos;
				SWIFT_COMPILATION_MODE = wholemodule;
				SWIFT_OPTIMIZATION_LEVEL = "-O";
				VALIDATE_PRODUCT = YES;
			};
			name = Release;
		};
		BE5515DC21B263CC00776AF5 /* Debug */ = {
			isa = XCBuildConfiguration;
			baseConfigurationReference = 3A676406F672159AC596F97D /* Pods-tigerspike.debug.xcconfig */;
			buildSettings = {
				ASSETCATALOG_COMPILER_APPICON_NAME = AppIcon;
				CODE_SIGN_STYLE = Automatic;
				DEVELOPMENT_TEAM = WD65G8C4YP;
				INFOPLIST_FILE = tigerspike/Info.plist;
				LD_RUNPATH_SEARCH_PATHS = (
					"$(inherited)",
					"@executable_path/Frameworks",
				);
				PRODUCT_BUNDLE_IDENTIFIER = com.swiftalmanac.tigerspike;
				PRODUCT_NAME = "$(TARGET_NAME)";
				SWIFT_VERSION = 4.2;
				TARGETED_DEVICE_FAMILY = "1,2";
			};
			name = Debug;
		};
		BE5515DD21B263CC00776AF5 /* Release */ = {
			isa = XCBuildConfiguration;
			baseConfigurationReference = 7E84D9A3D8DB3C909FAF8B72 /* Pods-tigerspike.release.xcconfig */;
			buildSettings = {
				ASSETCATALOG_COMPILER_APPICON_NAME = AppIcon;
				CODE_SIGN_STYLE = Automatic;
				DEVELOPMENT_TEAM = WD65G8C4YP;
				INFOPLIST_FILE = tigerspike/Info.plist;
				LD_RUNPATH_SEARCH_PATHS = (
					"$(inherited)",
					"@executable_path/Frameworks",
				);
				PRODUCT_BUNDLE_IDENTIFIER = com.swiftalmanac.tigerspike;
				PRODUCT_NAME = "$(TARGET_NAME)";
				SWIFT_VERSION = 4.2;
				TARGETED_DEVICE_FAMILY = "1,2";
			};
			name = Release;
		};
/* End XCBuildConfiguration section */

/* Begin XCConfigurationList section */
		BE5515C421B263C900776AF5 /* Build configuration list for PBXProject "tigerspike" */ = {
			isa = XCConfigurationList;
			buildConfigurations = (
				BE5515D921B263CC00776AF5 /* Debug */,
				BE5515DA21B263CC00776AF5 /* Release */,
			);
			defaultConfigurationIsVisible = 0;
			defaultConfigurationName = Release;
		};
		BE5515DB21B263CC00776AF5 /* Build configuration list for PBXNativeTarget "tigerspike" */ = {
			isa = XCConfigurationList;
			buildConfigurations = (
				BE5515DC21B263CC00776AF5 /* Debug */,
				BE5515DD21B263CC00776AF5 /* Release */,
			);
			defaultConfigurationIsVisible = 0;
			defaultConfigurationName = Release;
		};
/* End XCConfigurationList section */
	};
	rootObject = BE5515C121B263C900776AF5 /* Project object */;
}
